
Microsoft Visual Studio Solution File, Format Version 12.00
# Visual Studio 15
VisualStudioVersion = 15.0.27004.2008
MinimumVisualStudioVersion = 10.0.40219.1
Project("{FAE04EC0-301F-11D3-BF4B-00C04F79EFBC}") = "CalificameLibrary", "CalificameLibrary\CalificameLibrary.csproj", "{7373B605-C505-4F98-A8A1-5D2EF6E8E70B}"
EndProject
Project("{E24C65DC-7377-472B-9ABA-BC803B73C61A}") = "WebSite", "WebSite\", "{BD2D6195-4649-44D6-BBB9-D415DC19B9B6}"
	ProjectSection(WebsiteProperties) = preProject
		TargetFrameworkMoniker = ".NETFramework,Version%3Dv4.6.1"
		ProjectReferences = "{7373b605-c505-4f98-a8a1-5d2ef6e8e70b}|CalificameLibrary.dll;"
		Debug.AspNetCompiler.VirtualPath = "/localhost_54305"
		Debug.AspNetCompiler.PhysicalPath = "WebSite\"
		Debug.AspNetCompiler.TargetPath = "PrecompiledWeb\localhost_54305\"
		Debug.AspNetCompiler.Updateable = "true"
		Debug.AspNetCompiler.ForceOverwrite = "true"
		Debug.AspNetCompiler.FixedNames = "false"
		Debug.AspNetCompiler.Debug = "True"
		Release.AspNetCompiler.VirtualPath = "/localhost_54305"
		Release.AspNetCompiler.PhysicalPath = "WebSite\"
		Release.AspNetCompiler.TargetPath = "PrecompiledWeb\localhost_54305\"
		Release.AspNetCompiler.Updateable = "true"
		Release.AspNetCompiler.ForceOverwrite = "true"
		Release.AspNetCompiler.FixedNames = "false"
		Release.AspNetCompiler.Debug = "False"
		VWDPort = "54305"
		SlnRelativePath = "WebSite\"
	EndProjectSection
EndProject
Global
	GlobalSection(SolutionConfigurationPlatforms) = preSolution
		Debug|Any CPU = Debug|Any CPU
		Release|Any CPU = Release|Any CPU
	EndGlobalSection
	GlobalSection(ProjectConfigurationPlatforms) = postSolution
		{7373B605-C505-4F98-A8A1-5D2EF6E8E70B}.Debug|Any CPU.ActiveCfg = Debug|Any CPU
		{7373B605-C505-4F98-A8A1-5D2EF6E8E70B}.Debug|Any CPU.Build.0 = Debug|Any CPU
		{7373B605-C505-4F98-A8A1-5D2EF6E8E70B}.Release|Any CPU.ActiveCfg = Release|Any CPU
		{7373B605-C505-4F98-A8A1-5D2EF6E8E70B}.Release|Any CPU.Build.0 = Release|Any CPU
		{BD2D6195-4649-44D6-BBB9-D415DC19B9B6}.Debug|Any CPU.ActiveCfg = Debug|Any CPU
		{BD2D6195-4649-44D6-BBB9-D415DC19B9B6}.Debug|Any CPU.Build.0 = Debug|Any CPU
		{BD2D6195-4649-44D6-BBB9-D415DC19B9B6}.Release|Any CPU.ActiveCfg = Debug|Any CPU
		{BD2D6195-4649-44D6-BBB9-D415DC19B9B6}.Release|Any CPU.Build.0 = Debug|Any CPU
	EndGlobalSection
	GlobalSection(SolutionProperties) = preSolution
		HideSolutionNode = FALSE
	EndGlobalSection
	GlobalSection(ExtensibilityGlobals) = postSolution
		SolutionGuid = {9AF05ECC-88F4-4B57-96FA-4FC1677A871C}
	EndGlobalSection
EndGlobal
